
Microsoft Visual Studio Solution File, Format Version 12.00
# Visual Studio Version 16
VisualStudioVersion = 16.0.31729.503
MinimumVisualStudioVersion = 10.0.40219.1
Project("{FAE04EC0-301F-11D3-BF4B-00C04F79EFBC}") = "ElephantProgram", "ElephantProgram\ElephantProgram.csproj", "{7A36E2FD-056C-4EA5-A7E4-F115524FD5FD}"
EndProject
Global
	GlobalSection(SolutionConfigurationPlatforms) = preSolution
		Debug|Any CPU = Debug|Any CPU
		Release|Any CPU = Release|Any CPU
	EndGlobalSection
	GlobalSection(ProjectConfigurationPlatforms) = postSolution
		{7A36E2FD-056C-4EA5-A7E4-F115524FD5FD}.Debug|Any CPU.ActiveCfg = Debug|Any CPU
		{7A36E2FD-056C-4EA5-A7E4-F115524FD5FD}.Debug|Any CPU.Build.0 = Debug|Any CPU
		{7A36E2FD-056C-4EA5-A7E4-F115524FD5FD}.Release|Any CPU.ActiveCfg = Release|Any CPU
		{7A36E2FD-056C-4EA5-A7E4-F115524FD5FD}.Release|Any CPU.Build.0 = Release|Any CPU
	EndGlobalSection
	GlobalSection(SolutionProperties) = preSolution
		HideSolutionNode = FALSE
	EndGlobalSection
	GlobalSection(ExtensibilityGlobals) = postSolution
		SolutionGuid = {CF380979-8521-4652-A830-D59420615F07}
	EndGlobalSection
EndGlobal
